// !$*UTF8*$!
{
	archiveVersion = 1;
	classes = {
	};
	objectVersion = 56;
	objects = {

/* Begin PBXBuildFile section */
		23B6913829F7A9A0003DBA5A /* shareitApp.swift in Sources */ = {isa = PBXBuildFile; fileRef = 23B6913729F7A9A0003DBA5A /* shareitApp.swift */; };
		23B6913A29F7A9A0003DBA5A /* ContentView.swift in Sources */ = {isa = PBXBuildFile; fileRef = 23B6913929F7A9A0003DBA5A /* ContentView.swift */; };
		23B6913C29F7A9A4003DBA5A /* Assets.xcassets in Resources */ = {isa = PBXBuildFile; fileRef = 23B6913B29F7A9A4003DBA5A /* Assets.xcassets */; };
		23B6913F29F7A9A4003DBA5A /* Preview Assets.xcassets in Resources */ = {isa = PBXBuildFile; fileRef = 23B6913E29F7A9A4003DBA5A /* Preview Assets.xcassets */; };
		23B6914A29F7A9A5003DBA5A /* shareitTests.swift in Sources */ = {isa = PBXBuildFile; fileRef = 23B6914929F7A9A5003DBA5A /* shareitTests.swift */; };
		23B6915429F7A9A5003DBA5A /* shareitUITests.swift in Sources */ = {isa = PBXBuildFile; fileRef = 23B6915329F7A9A5003DBA5A /* shareitUITests.swift */; };
		23B6915629F7A9A5003DBA5A /* shareitUITestsLaunchTests.swift in Sources */ = {isa = PBXBuildFile; fileRef = 23B6915529F7A9A5003DBA5A /* shareitUITestsLaunchTests.swift */; };
/* End PBXBuildFile section */

/* Begin PBXContainerItemProxy section */
		23B6914629F7A9A5003DBA5A /* PBXContainerItemProxy */ = {
			isa = PBXContainerItemProxy;
			containerPortal = 23B6912C29F7A9A0003DBA5A /* Project object */;
			proxyType = 1;
			remoteGlobalIDString = 23B6913329F7A9A0003DBA5A;
			remoteInfo = shareit;
		};
		23B6915029F7A9A5003DBA5A /* PBXContainerItemProxy */ = {
			isa = PBXContainerItemProxy;
			containerPortal = 23B6912C29F7A9A0003DBA5A /* Project object */;
			proxyType = 1;
			remoteGlobalIDString = 23B6913329F7A9A0003DBA5A;
			remoteInfo = shareit;
		};
/* End PBXContainerItemProxy section */

/* Begin PBXFileReference section */
		23B6913429F7A9A0003DBA5A /* shareit.app */ = {isa = PBXFileReference; explicitFileType = wrapper.application; includeInIndex = 0; path = shareit.app; sourceTree = BUILT_PRODUCTS_DIR; };
		23B6913729F7A9A0003DBA5A /* shareitApp.swift */ = {isa = PBXFileReference; lastKnownFileType = sourcecode.swift; path = shareitApp.swift; sourceTree = "<group>"; };
		23B6913929F7A9A0003DBA5A /* ContentView.swift */ = {isa = PBXFileReference; lastKnownFileType = sourcecode.swift; path = ContentView.swift; sourceTree = "<group>"; };
		23B6913B29F7A9A4003DBA5A /* Assets.xcassets */ = {isa = PBXFileReference; lastKnownFileType = folder.assetcatalog; path = Assets.xcassets; sourceTree = "<group>"; };
		23B6913E29F7A9A4003DBA5A /* Preview Assets.xcassets */ = {isa = PBXFileReference; lastKnownFileType = folder.assetcatalog; path = "Preview Assets.xcassets"; sourceTree = "<group>"; };
		23B6914029F7A9A4003DBA5A /* shareit.entitlements */ = {isa = PBXFileReference; lastKnownFileType = text.plist.entitlements; path = shareit.entitlements; sourceTree = "<group>"; };
		23B6914529F7A9A5003DBA5A /* shareitTests.xctest */ = {isa = PBXFileReference; explicitFileType = wrapper.cfbundle; includeInIndex = 0; path = shareitTests.xctest; sourceTree = BUILT_PRODUCTS_DIR; };
		23B6914929F7A9A5003DBA5A /* shareitTests.swift */ = {isa = PBXFileReference; lastKnownFileType = sourcecode.swift; path = shareitTests.swift; sourceTree = "<group>"; };
		23B6914F29F7A9A5003DBA5A /* shareitUITests.xctest */ = {isa = PBXFileReference; explicitFileType = wrapper.cfbundle; includeInIndex = 0; path = shareitUITests.xctest; sourceTree = BUILT_PRODUCTS_DIR; };
		23B6915329F7A9A5003DBA5A /* shareitUITests.swift */ = {isa = PBXFileReference; lastKnownFileType = sourcecode.swift; path = shareitUITests.swift; sourceTree = "<group>"; };
		23B6915529F7A9A5003DBA5A /* shareitUITestsLaunchTests.swift */ = {isa = PBXFileReference; lastKnownFileType = sourcecode.swift; path = shareitUITestsLaunchTests.swift; sourceTree = "<group>"; };
/* End PBXFileReference section */

/* Begin PBXFrameworksBuildPhase section */
		23B6913129F7A9A0003DBA5A /* Frameworks */ = {
			isa = PBXFrameworksBuildPhase;
			buildActionMask = 2147483647;
			files = (
			);
			runOnlyForDeploymentPostprocessing = 0;
		};
		23B6914229F7A9A5003DBA5A /* Frameworks */ = {
			isa = PBXFrameworksBuildPhase;
			buildActionMask = 2147483647;
			files = (
			);
			runOnlyForDeploymentPostprocessing = 0;
		};
		23B6914C29F7A9A5003DBA5A /* Frameworks */ = {
			isa = PBXFrameworksBuildPhase;
			buildActionMask = 2147483647;
			files = (
			);
			runOnlyForDeploymentPostprocessing = 0;
		};
/* End PBXFrameworksBuildPhase section */

/* Begin PBXGroup section */
		23B6912B29F7A9A0003DBA5A = {
			isa = PBXGroup;
			children = (
				23B6913629F7A9A0003DBA5A /* shareit */,
				23B6914829F7A9A5003DBA5A /* shareitTests */,
				23B6915229F7A9A5003DBA5A /* shareitUITests */,
				23B6913529F7A9A0003DBA5A /* Products */,
			);
			sourceTree = "<group>";
		};
		23B6913529F7A9A0003DBA5A /* Products */ = {
			isa = PBXGroup;
			children = (
				23B6913429F7A9A0003DBA5A /* shareit.app */,
				23B6914529F7A9A5003DBA5A /* shareitTests.xctest */,
				23B6914F29F7A9A5003DBA5A /* shareitUITests.xctest */,
			);
			name = Products;
			sourceTree = "<group>";
		};
		23B6913629F7A9A0003DBA5A /* shareit */ = {
			isa = PBXGroup;
			children = (
				23B6913729F7A9A0003DBA5A /* shareitApp.swift */,
				23B6913929F7A9A0003DBA5A /* ContentView.swift */,
				23B6913B29F7A9A4003DBA5A /* Assets.xcassets */,
				23B6914029F7A9A4003DBA5A /* shareit.entitlements */,
				23B6913D29F7A9A4003DBA5A /* Preview Content */,
			);
			path = shareit;
			sourceTree = "<group>";
		};
		23B6913D29F7A9A4003DBA5A /* Preview Content */ = {
			isa = PBXGroup;
			children = (
				23B6913E29F7A9A4003DBA5A /* Preview Assets.xcassets */,
			);
			path = "Preview Content";
			sourceTree = "<group>";
		};
		23B6914829F7A9A5003DBA5A /* shareitTests */ = {
			isa = PBXGroup;
			children = (
				23B6914929F7A9A5003DBA5A /* shareitTests.swift */,
			);
			path = shareitTests;
			sourceTree = "<group>";
		};
		23B6915229F7A9A5003DBA5A /* shareitUITests */ = {
			isa = PBXGroup;
			children = (
				23B6915329F7A9A5003DBA5A /* shareitUITests.swift */,
				23B6915529F7A9A5003DBA5A /* shareitUITestsLaunchTests.swift */,
			);
			path = shareitUITests;
			sourceTree = "<group>";
		};
/* End PBXGroup section */

/* Begin PBXNativeTarget section */
		23B6913329F7A9A0003DBA5A /* shareit */ = {
			isa = PBXNativeTarget;
			buildConfigurationList = 23B6915929F7A9A5003DBA5A /* Build configuration list for PBXNativeTarget "shareit" */;
			buildPhases = (
				23B6913029F7A9A0003DBA5A /* Sources */,
				23B6913129F7A9A0003DBA5A /* Frameworks */,
				23B6913229F7A9A0003DBA5A /* Resources */,
			);
			buildRules = (
			);
			dependencies = (
			);
			name = shareit;
			productName = shareit;
			productReference = 23B6913429F7A9A0003DBA5A /* shareit.app */;
			productType = "com.apple.product-type.application";
		};
		23B6914429F7A9A5003DBA5A /* shareitTests */ = {
			isa = PBXNativeTarget;
			buildConfigurationList = 23B6915C29F7A9A5003DBA5A /* Build configuration list for PBXNativeTarget "shareitTests" */;
			buildPhases = (
				23B6914129F7A9A5003DBA5A /* Sources */,
				23B6914229F7A9A5003DBA5A /* Frameworks */,
				23B6914329F7A9A5003DBA5A /* Resources */,
			);
			buildRules = (
			);
			dependencies = (
				23B6914729F7A9A5003DBA5A /* PBXTargetDependency */,
			);
			name = shareitTests;
			productName = shareitTests;
			productReference = 23B6914529F7A9A5003DBA5A /* shareitTests.xctest */;
			productType = "com.apple.product-type.bundle.unit-test";
		};
		23B6914E29F7A9A5003DBA5A /* shareitUITests */ = {
			isa = PBXNativeTarget;
			buildConfigurationList = 23B6915F29F7A9A5003DBA5A /* Build configuration list for PBXNativeTarget "shareitUITests" */;
			buildPhases = (
				23B6914B29F7A9A5003DBA5A /* Sources */,
				23B6914C29F7A9A5003DBA5A /* Frameworks */,
				23B6914D29F7A9A5003DBA5A /* Resources */,
			);
			buildRules = (
			);
			dependencies = (
				23B6915129F7A9A5003DBA5A /* PBXTargetDependency */,
			);
			name = shareitUITests;
			productName = shareitUITests;
			productReference = 23B6914F29F7A9A5003DBA5A /* shareitUITests.xctest */;
			productType = "com.apple.product-type.bundle.ui-testing";
		};
/* End PBXNativeTarget section */

/* Begin PBXProject section */
		23B6912C29F7A9A0003DBA5A /* Project object */ = {
			isa = PBXProject;
			attributes = {
				BuildIndependentTargetsInParallel = 1;
				LastSwiftUpdateCheck = 1420;
				LastUpgradeCheck = 1420;
				TargetAttributes = {
					23B6913329F7A9A0003DBA5A = {
						CreatedOnToolsVersion = 14.2;
					};
					23B6914429F7A9A5003DBA5A = {
						CreatedOnToolsVersion = 14.2;
						TestTargetID = 23B6913329F7A9A0003DBA5A;
					};
					23B6914E29F7A9A5003DBA5A = {
						CreatedOnToolsVersion = 14.2;
						TestTargetID = 23B6913329F7A9A0003DBA5A;
					};
				};
			};
			buildConfigurationList = 23B6912F29F7A9A0003DBA5A /* Build configuration list for PBXProject "shareit" */;
			compatibilityVersion = "Xcode 14.0";
			developmentRegion = en;
			hasScannedForEncodings = 0;
			knownRegions = (
				en,
				Base,
			);
			mainGroup = 23B6912B29F7A9A0003DBA5A;
			productRefGroup = 23B6913529F7A9A0003DBA5A /* Products */;
			projectDirPath = "";
			projectRoot = "";
			targets = (
				23B6913329F7A9A0003DBA5A /* shareit */,
				23B6914429F7A9A5003DBA5A /* shareitTests */,
				23B6914E29F7A9A5003DBA5A /* shareitUITests */,
			);
		};
/* End PBXProject section */

/* Begin PBXResourcesBuildPhase section */
		23B6913229F7A9A0003DBA5A /* Resources */ = {
			isa = PBXResourcesBuildPhase;
			buildActionMask = 2147483647;
			files = (
				23B6913F29F7A9A4003DBA5A /* Preview Assets.xcassets in Resources */,
				23B6913C29F7A9A4003DBA5A /* Assets.xcassets in Resources */,
			);
			runOnlyForDeploymentPostprocessing = 0;
		};
		23B6914329F7A9A5003DBA5A /* Resources */ = {
			isa = PBXResourcesBuildPhase;
			buildActionMask = 2147483647;
			files = (
			);
			runOnlyForDeploymentPostprocessing = 0;
		};
		23B6914D29F7A9A5003DBA5A /* Resources */ = {
			isa = PBXResourcesBuildPhase;
			buildActionMask = 2147483647;
			files = (
			);
			runOnlyForDeploymentPostprocessing = 0;
		};
/* End PBXResourcesBuildPhase section */

/* Begin PBXSourcesBuildPhase section */
		23B6913029F7A9A0003DBA5A /* Sources */ = {
			isa = PBXSourcesBuildPhase;
			buildActionMask = 2147483647;
			files = (
				23B6913A29F7A9A0003DBA5A /* ContentView.swift in Sources */,
				23B6913829F7A9A0003DBA5A /* shareitApp.swift in Sources */,
			);
			runOnlyForDeploymentPostprocessing = 0;
		};
		23B6914129F7A9A5003DBA5A /* Sources */ = {
			isa = PBXSourcesBuildPhase;
			buildActionMask = 2147483647;
			files = (
				23B6914A29F7A9A5003DBA5A /* shareitTests.swift in Sources */,
			);
			runOnlyForDeploymentPostprocessing = 0;
		};
		23B6914B29F7A9A5003DBA5A /* Sources */ = {
			isa = PBXSourcesBuildPhase;
			buildActionMask = 2147483647;
			files = (
				23B6915429F7A9A5003DBA5A /* shareitUITests.swift in Sources */,
				23B6915629F7A9A5003DBA5A /* shareitUITestsLaunchTests.swift in Sources */,
			);
			runOnlyForDeploymentPostprocessing = 0;
		};
/* End PBXSourcesBuildPhase section */

/* Begin PBXTargetDependency section */
		23B6914729F7A9A5003DBA5A /* PBXTargetDependency */ = {
			isa = PBXTargetDependency;
			target = 23B6913329F7A9A0003DBA5A /* shareit */;
			targetProxy = 23B6914629F7A9A5003DBA5A /* PBXContainerItemProxy */;
		};
		23B6915129F7A9A5003DBA5A /* PBXTargetDependency */ = {
			isa = PBXTargetDependency;
			target = 23B6913329F7A9A0003DBA5A /* shareit */;
			targetProxy = 23B6915029F7A9A5003DBA5A /* PBXContainerItemProxy */;
		};
/* End PBXTargetDependency section */

/* Begin XCBuildConfiguration section */
		23B6915729F7A9A5003DBA5A /* Debug */ = {
			isa = XCBuildConfiguration;
			buildSettings = {
				ALWAYS_SEARCH_USER_PATHS = NO;
				CLANG_ANALYZER_NONNULL = YES;
				CLANG_ANALYZER_NUMBER_OBJECT_CONVERSION = YES_AGGRESSIVE;
				CLANG_CXX_LANGUAGE_STANDARD = "gnu++20";
				CLANG_ENABLE_MODULES = YES;
				CLANG_ENABLE_OBJC_ARC = YES;
				CLANG_ENABLE_OBJC_WEAK = YES;
				CLANG_WARN_BLOCK_CAPTURE_AUTORELEASING = YES;
				CLANG_WARN_BOOL_CONVERSION = YES;
				CLANG_WARN_COMMA = YES;
				CLANG_WARN_CONSTANT_CONVERSION = YES;
				CLANG_WARN_DEPRECATED_OBJC_IMPLEMENTATIONS = YES;
				CLANG_WARN_DIRECT_OBJC_ISA_USAGE = YES_ERROR;
				CLANG_WARN_DOCUMENTATION_COMMENTS = YES;
				CLANG_WARN_EMPTY_BODY = YES;
				CLANG_WARN_ENUM_CONVERSION = YES;
				CLANG_WARN_INFINITE_RECURSION = YES;
				CLANG_WARN_INT_CONVERSION = YES;
				CLANG_WARN_NON_LITERAL_NULL_CONVERSION = YES;
				CLANG_WARN_OBJC_IMPLICIT_RETAIN_SELF = YES;
				CLANG_WARN_OBJC_LITERAL_CONVERSION = YES;
				CLANG_WARN_OBJC_ROOT_CLASS = YES_ERROR;
				CLANG_WARN_QUOTED_INCLUDE_IN_FRAMEWORK_HEADER = YES;
				CLANG_WARN_RANGE_LOOP_ANALYSIS = YES;
				CLANG_WARN_STRICT_PROTOTYPES = YES;
				CLANG_WARN_SUSPICIOUS_MOVE = YES;
				CLANG_WARN_UNGUARDED_AVAILABILITY = YES_AGGRESSIVE;
				CLANG_WARN_UNREACHABLE_CODE = YES;
				CLANG_WARN__DUPLICATE_METHOD_MATCH = YES;
				COPY_PHASE_STRIP = NO;
				DEBUG_INFORMATION_FORMAT = dwarf;
				ENABLE_STRICT_OBJC_MSGSEND = YES;
				ENABLE_TESTABILITY = YES;
				GCC_C_LANGUAGE_STANDARD = gnu11;
				GCC_DYNAMIC_NO_PIC = NO;
				GCC_NO_COMMON_BLOCKS = YES;
				GCC_OPTIMIZATION_LEVEL = 0;
				GCC_PREPROCESSOR_DEFINITIONS = (
					"DEBUG=1",
					"$(inherited)",
				);
				GCC_WARN_64_TO_32_BIT_CONVERSION = YES;
				GCC_WARN_ABOUT_RETURN_TYPE = YES_ERROR;
				GCC_WARN_UNDECLARED_SELECTOR = YES;
				GCC_WARN_UNINITIALIZED_AUTOS = YES_AGGRESSIVE;
				GCC_WARN_UNUSED_FUNCTION = YES;
				GCC_WARN_UNUSED_VARIABLE = YES;
				MACOSX_DEPLOYMENT_TARGET = 12.6;
				MTL_ENABLE_DEBUG_INFO = INCLUDE_SOURCE;
				MTL_FAST_MATH = YES;
				ONLY_ACTIVE_ARCH = YES;
				SDKROOT = macosx;
				SWIFT_ACTIVE_COMPILATION_CONDITIONS = DEBUG;
				SWIFT_OPTIMIZATION_LEVEL = "-Onone";
			};
			name = Debug;
		};
		23B6915829F7A9A5003DBA5A /* Release */ = {
			isa = XCBuildConfiguration;
			buildSettings = {
				ALWAYS_SEARCH_USER_PATHS = NO;
				CLANG_ANALYZER_NONNULL = YES;
				CLANG_ANALYZER_NUMBER_OBJECT_CONVERSION = YES_AGGRESSIVE;
				CLANG_CXX_LANGUAGE_STANDARD = "gnu++20";
				CLANG_ENABLE_MODULES = YES;
				CLANG_ENABLE_OBJC_ARC = YES;
				CLANG_ENABLE_OBJC_WEAK = YES;
				CLANG_WARN_BLOCK_CAPTURE_AUTORELEASING = YES;
				CLANG_WARN_BOOL_CONVERSION = YES;
				CLANG_WARN_COMMA = YES;
				CLANG_WARN_CONSTANT_CONVERSION = YES;
				CLANG_WARN_DEPRECATED_OBJC_IMPLEMENTATIONS = YES;
				CLANG_WARN_DIRECT_OBJC_ISA_USAGE = YES_ERROR;
				CLANG_WARN_DOCUMENTATION_COMMENTS = YES;
				CLANG_WARN_EMPTY_BODY = YES;
				CLANG_WARN_ENUM_CONVERSION = YES;
				CLANG_WARN_INFINITE_RECURSION = YES;
				CLANG_WARN_INT_CONVERSION = YES;
				CLANG_WARN_NON_LITERAL_NULL_CONVERSION = YES;
				CLANG_WARN_OBJC_IMPLICIT_RETAIN_SELF = YES;
				CLANG_WARN_OBJC_LITERAL_CONVERSION = YES;
				CLANG_WARN_OBJC_ROOT_CLASS = YES_ERROR;
				CLANG_WARN_QUOTED_INCLUDE_IN_FRAMEWORK_HEADER = YES;
				CLANG_WARN_RANGE_LOOP_ANALYSIS = YES;
				CLANG_WARN_STRICT_PROTOTYPES = YES;
				CLANG_WARN_SUSPICIOUS_MOVE = YES;
				CLANG_WARN_UNGUARDED_AVAILABILITY = YES_AGGRESSIVE;
				CLANG_WARN_UNREACHABLE_CODE = YES;
				CLANG_WARN__DUPLICATE_METHOD_MATCH = YES;
				COPY_PHASE_STRIP = NO;
				DEBUG_INFORMATION_FORMAT = "dwarf-with-dsym";
				ENABLE_NS_ASSERTIONS = NO;
				ENABLE_STRICT_OBJC_MSGSEND = YES;
				GCC_C_LANGUAGE_STANDARD = gnu11;
				GCC_NO_COMMON_BLOCKS = YES;
				GCC_WARN_64_TO_32_BIT_CONVERSION = YES;
				GCC_WARN_ABOUT_RETURN_TYPE = YES_ERROR;
				GCC_WARN_UNDECLARED_SELECTOR = YES;
				GCC_WARN_UNINITIALIZED_AUTOS = YES_AGGRESSIVE;
				GCC_WARN_UNUSED_FUNCTION = YES;
				GCC_WARN_UNUSED_VARIABLE = YES;
				MACOSX_DEPLOYMENT_TARGET = 12.6;
				MTL_ENABLE_DEBUG_INFO = NO;
				MTL_FAST_MATH = YES;
				SDKROOT = macosx;
				SWIFT_COMPILATION_MODE = wholemodule;
				SWIFT_OPTIMIZATION_LEVEL = "-O";
			};
			name = Release;
		};
		23B6915A29F7A9A5003DBA5A /* Debug */ = {
			isa = XCBuildConfiguration;
			buildSettings = {
				ASSETCATALOG_COMPILER_APPICON_NAME = AppIcon;
				ASSETCATALOG_COMPILER_GLOBAL_ACCENT_COLOR_NAME = AccentColor;
				CODE_SIGN_ENTITLEMENTS = shareit/shareit.entitlements;
				CODE_SIGN_STYLE = Automatic;
				COMBINE_HIDPI_IMAGES = YES;
				CURRENT_PROJECT_VERSION = 1;
				DEVELOPMENT_ASSET_PATHS = "\"shareit/Preview Content\"";
				ENABLE_PREVIEWS = YES;
				GENERATE_INFOPLIST_FILE = YES;
				INFOPLIST_KEY_NSHumanReadableCopyright = "";
				LD_RUNPATH_SEARCH_PATHS = (
					"$(inherited)",
					"@executable_path/../Frameworks",
				);
				MARKETING_VERSION = 1.0;
				PRODUCT_BUNDLE_IDENTIFIER = jaideep.shareit;
				PRODUCT_NAME = "$(TARGET_NAME)";
				SWIFT_EMIT_LOC_STRINGS = YES;
				SWIFT_VERSION = 5.0;
			};
			name = Debug;
		};
		23B6915B29F7A9A5003DBA5A /* Release */ = {
			isa = XCBuildConfiguration;
			buildSettings = {
				ASSETCATALOG_COMPILER_APPICON_NAME = AppIcon;
				ASSETCATALOG_COMPILER_GLOBAL_ACCENT_COLOR_NAME = AccentColor;
				CODE_SIGN_ENTITLEMENTS = shareit/shareit.entitlements;
				CODE_SIGN_STYLE = Automatic;
				COMBINE_HIDPI_IMAGES = YES;
				CURRENT_PROJECT_VERSION = 1;
				DEVELOPMENT_ASSET_PATHS = "\"shareit/Preview Content\"";
				ENABLE_PREVIEWS = YES;
				GENERATE_INFOPLIST_FILE = YES;
				INFOPLIST_KEY_NSHumanReadableCopyright = "";
				LD_RUNPATH_SEARCH_PATHS = (
					"$(inherited)",
					"@executable_path/../Frameworks",
				);
				MARKETING_VERSION = 1.0;
				PRODUCT_BUNDLE_IDENTIFIER = jaideep.shareit;
				PRODUCT_NAME = "$(TARGET_NAME)";
				SWIFT_EMIT_LOC_STRINGS = YES;
				SWIFT_VERSION = 5.0;
			};
			name = Release;
		};
		23B6915D29F7A9A5003DBA5A /* Debug */ = {
			isa = XCBuildConfiguration;
			buildSettings = {
				ALWAYS_EMBED_SWIFT_STANDARD_LIBRARIES = YES;
				BUNDLE_LOADER = "$(TEST_HOST)";
				CODE_SIGN_STYLE = Automatic;
				CURRENT_PROJECT_VERSION = 1;
				GENERATE_INFOPLIST_FILE = YES;
				MACOSX_DEPLOYMENT_TARGET = 12.6;
				MARKETING_VERSION = 1.0;
				PRODUCT_BUNDLE_IDENTIFIER = jaideep.shareitTests;
				PRODUCT_NAME = "$(TARGET_NAME)";
				SWIFT_EMIT_LOC_STRINGS = NO;
				SWIFT_VERSION = 5.0;
				TEST_HOST = "$(BUILT_PRODUCTS_DIR)/shareit.app/$(BUNDLE_EXECUTABLE_FOLDER_PATH)/shareit";
			};
			name = Debug;
		};
		23B6915E29F7A9A5003DBA5A /* Release */ = {
			isa = XCBuildConfiguration;
			buildSettings = {
				ALWAYS_EMBED_SWIFT_STANDARD_LIBRARIES = YES;
				BUNDLE_LOADER = "$(TEST_HOST)";
				CODE_SIGN_STYLE = Automatic;
				CURRENT_PROJECT_VERSION = 1;
				GENERATE_INFOPLIST_FILE = YES;
				MACOSX_DEPLOYMENT_TARGET = 12.6;
				MARKETING_VERSION = 1.0;
				PRODUCT_BUNDLE_IDENTIFIER = jaideep.shareitTests;
				PRODUCT_NAME = "$(TARGET_NAME)";
				SWIFT_EMIT_LOC_STRINGS = NO;
				SWIFT_VERSION = 5.0;
				TEST_HOST = "$(BUILT_PRODUCTS_DIR)/shareit.app/$(BUNDLE_EXECUTABLE_FOLDER_PATH)/shareit";
			};
			name = Release;
		};
		23B6916029F7A9A5003DBA5A /* Debug */ = {
			isa = XCBuildConfiguration;
			buildSettings = {
				ALWAYS_EMBED_SWIFT_STANDARD_LIBRARIES = YES;
				CODE_SIGN_STYLE = Automatic;
				CURRENT_PROJECT_VERSION = 1;
				GENERATE_INFOPLIST_FILE = YES;
				MARKETING_VERSION = 1.0;
				PRODUCT_BUNDLE_IDENTIFIER = jaideep.shareitUITests;
				PRODUCT_NAME = "$(TARGET_NAME)";
				SWIFT_EMIT_LOC_STRINGS = NO;
				SWIFT_VERSION = 5.0;
				TEST_TARGET_NAME = shareit;
			};
			name = Debug;
		};
		23B6916129F7A9A5003DBA5A /* Release */ = {
			isa = XCBuildConfiguration;
			buildSettings = {
				ALWAYS_EMBED_SWIFT_STANDARD_LIBRARIES = YES;
				CODE_SIGN_STYLE = Automatic;
				CURRENT_PROJECT_VERSION = 1;
				GENERATE_INFOPLIST_FILE = YES;
				MARKETING_VERSION = 1.0;
				PRODUCT_BUNDLE_IDENTIFIER = jaideep.shareitUITests;
				PRODUCT_NAME = "$(TARGET_NAME)";
				SWIFT_EMIT_LOC_STRINGS = NO;
				SWIFT_VERSION = 5.0;
				TEST_TARGET_NAME = shareit;
			};
			name = Release;
		};
/* End XCBuildConfiguration section */

/* Begin XCConfigurationList section */
		23B6912F29F7A9A0003DBA5A /* Build configuration list for PBXProject "shareit" */ = {
			isa = XCConfigurationList;
			buildConfigurations = (
				23B6915729F7A9A5003DBA5A /* Debug */,
				23B6915829F7A9A5003DBA5A /* Release */,
			);
			defaultConfigurationIsVisible = 0;
			defaultConfigurationName = Release;
		};
		23B6915929F7A9A5003DBA5A /* Build configuration list for PBXNativeTarget "shareit" */ = {
			isa = XCConfigurationList;
			buildConfigurations = (
				23B6915A29F7A9A5003DBA5A /* Debug */,
				23B6915B29F7A9A5003DBA5A /* Release */,
			);
			defaultConfigurationIsVisible = 0;
			defaultConfigurationName = Release;
		};
		23B6915C29F7A9A5003DBA5A /* Build configuration list for PBXNativeTarget "shareitTests" */ = {
			isa = XCConfigurationList;
			buildConfigurations = (
				23B6915D29F7A9A5003DBA5A /* Debug */,
				23B6915E29F7A9A5003DBA5A /* Release */,
			);
			defaultConfigurationIsVisible = 0;
			defaultConfigurationName = Release;
		};
		23B6915F29F7A9A5003DBA5A /* Build configuration list for PBXNativeTarget "shareitUITests" */ = {
			isa = XCConfigurationList;
			buildConfigurations = (
				23B6916029F7A9A5003DBA5A /* Debug */,
				23B6916129F7A9A5003DBA5A /* Release */,
			);
			defaultConfigurationIsVisible = 0;
			defaultConfigurationName = Release;
		};
/* End XCConfigurationList section */
	};
	rootObject = 23B6912C29F7A9A0003DBA5A /* Project object */;
}
